
Microsoft Visual Studio Solution File, Format Version 12.00
# Visual Studio Version 17
VisualStudioVersion = 17.3.32929.385
MinimumVisualStudioVersion = 10.0.40219.1
Project("{8BC9CEB8-8B4A-11D0-8D11-00A0C91BC942}") = "3D_Finite_Differences_Serial_Code", "3D_Finite_Differences_Serial_Code.vcxproj", "{F3306869-4238-4D5E-8190-3F11363283AB}"
EndProject
Global
	GlobalSection(SolutionConfigurationPlatforms) = preSolution
		Debug|x64 = Debug|x64
		Debug|x86 = Debug|x86
		Release|x64 = Release|x64
		Release|x86 = Release|x86
	EndGlobalSection
	GlobalSection(ProjectConfigurationPlatforms) = postSolution
		{F3306869-4238-4D5E-8190-3F11363283AB}.Debug|x64.ActiveCfg = Debug|x64
		{F3306869-4238-4D5E-8190-3F11363283AB}.Debug|x64.Build.0 = Debug|x64
		{F3306869-4238-4D5E-8190-3F11363283AB}.Debug|x86.ActiveCfg = Debug|Win32
		{F3306869-4238-4D5E-8190-3F11363283AB}.Debug|x86.Build.0 = Debug|Win32
		{F3306869-4238-4D5E-8190-3F11363283AB}.Release|x64.ActiveCfg = Release|x64
		{F3306869-4238-4D5E-8190-3F11363283AB}.Release|x64.Build.0 = Release|x64
		{F3306869-4238-4D5E-8190-3F11363283AB}.Release|x86.ActiveCfg = Release|Win32
		{F3306869-4238-4D5E-8190-3F11363283AB}.Release|x86.Build.0 = Release|Win32
	EndGlobalSection
	GlobalSection(SolutionProperties) = preSolution
		HideSolutionNode = FALSE
	EndGlobalSection
	GlobalSection(ExtensibilityGlobals) = postSolution
		SolutionGuid = {2165D396-4C78-4FC9-AB25-2151498F7C5B}
	EndGlobalSection
EndGlobal
